
Microsoft Visual Studio Solution File, Format Version 12.00
# Visual Studio 2013
VisualStudioVersion = 12.0.31101.0
MinimumVisualStudioVersion = 10.0.40219.1
Project("{FAE04EC0-301F-11D3-BF4B-00C04F79EFBC}") = "OurFirstProgram", "OurFirstProgram\OurFirstProgram.csproj", "{075ECDF0-AE30-4BC4-B09D-7EB1A29D7538}"
EndProject
Project("{FAE04EC0-301F-11D3-BF4B-00C04F79EFBC}") = "Task1", "Task1\Task1.csproj", "{17230131-5DAF-429B-994B-B9A712E1498C}"
EndProject
Project("{FAE04EC0-301F-11D3-BF4B-00C04F79EFBC}") = "Task2", "Task2\Task2.csproj", "{EDE16C94-7C25-4D88-BB10-C9869C3262FD}"
EndProject
Project("{FAE04EC0-301F-11D3-BF4B-00C04F79EFBC}") = "Task3", "Task3\Task3.csproj", "{184A0CE5-951A-4A31-960F-0F8DAB36B9D4}"
EndProject
Project("{FAE04EC0-301F-11D3-BF4B-00C04F79EFBC}") = "Task4", "Task4\Task4.csproj", "{84C2D4E3-8DB1-429A-936A-89B0B0F3CB7D}"
EndProject
Project("{FAE04EC0-301F-11D3-BF4B-00C04F79EFBC}") = "Task5", "Task5\Task5.csproj", "{EA70E4DF-EFAB-4C37-8701-DC1537DA0550}"
EndProject
Project("{FAE04EC0-301F-11D3-BF4B-00C04F79EFBC}") = "Task6", "Task6\Task6.csproj", "{0DC6ACEF-4749-4DE4-A0D7-06B6F864BA44}"
EndProject
Project("{FAE04EC0-301F-11D3-BF4B-00C04F79EFBC}") = "Task7", "Task7\Task7.csproj", "{7968E81F-42D8-4F1F-9AAC-E502F6C6F89C}"
EndProject
Project("{FAE04EC0-301F-11D3-BF4B-00C04F79EFBC}") = "Task8", "Task8\Task8.csproj", "{48BFE228-01E6-4757-8597-F038F7BF0588}"
EndProject
Project("{FAE04EC0-301F-11D3-BF4B-00C04F79EFBC}") = "Task9", "Task9\Task9.csproj", "{3B80977A-89A1-4686-AB4C-5E1E5FF9342D}"
EndProject
Project("{FAE04EC0-301F-11D3-BF4B-00C04F79EFBC}") = "Task10", "Task10\Task10.csproj", "{D95A83FC-3F6F-4066-8D77-E7B019FFFB32}"
EndProject
Global
	GlobalSection(SolutionConfigurationPlatforms) = preSolution
		Debug|Any CPU = Debug|Any CPU
		Release|Any CPU = Release|Any CPU
	EndGlobalSection
	GlobalSection(ProjectConfigurationPlatforms) = postSolution
		{075ECDF0-AE30-4BC4-B09D-7EB1A29D7538}.Debug|Any CPU.ActiveCfg = Debug|Any CPU
		{075ECDF0-AE30-4BC4-B09D-7EB1A29D7538}.Debug|Any CPU.Build.0 = Debug|Any CPU
		{075ECDF0-AE30-4BC4-B09D-7EB1A29D7538}.Release|Any CPU.ActiveCfg = Release|Any CPU
		{075ECDF0-AE30-4BC4-B09D-7EB1A29D7538}.Release|Any CPU.Build.0 = Release|Any CPU
		{17230131-5DAF-429B-994B-B9A712E1498C}.Debug|Any CPU.ActiveCfg = Debug|Any CPU
		{17230131-5DAF-429B-994B-B9A712E1498C}.Debug|Any CPU.Build.0 = Debug|Any CPU
		{17230131-5DAF-429B-994B-B9A712E1498C}.Release|Any CPU.ActiveCfg = Release|Any CPU
		{17230131-5DAF-429B-994B-B9A712E1498C}.Release|Any CPU.Build.0 = Release|Any CPU
		{EDE16C94-7C25-4D88-BB10-C9869C3262FD}.Debug|Any CPU.ActiveCfg = Debug|Any CPU
		{EDE16C94-7C25-4D88-BB10-C9869C3262FD}.Debug|Any CPU.Build.0 = Debug|Any CPU
		{EDE16C94-7C25-4D88-BB10-C9869C3262FD}.Release|Any CPU.ActiveCfg = Release|Any CPU
		{EDE16C94-7C25-4D88-BB10-C9869C3262FD}.Release|Any CPU.Build.0 = Release|Any CPU
		{184A0CE5-951A-4A31-960F-0F8DAB36B9D4}.Debug|Any CPU.ActiveCfg = Debug|Any CPU
		{184A0CE5-951A-4A31-960F-0F8DAB36B9D4}.Debug|Any CPU.Build.0 = Debug|Any CPU
		{184A0CE5-951A-4A31-960F-0F8DAB36B9D4}.Release|Any CPU.ActiveCfg = Release|Any CPU
		{184A0CE5-951A-4A31-960F-0F8DAB36B9D4}.Release|Any CPU.Build.0 = Release|Any CPU
		{84C2D4E3-8DB1-429A-936A-89B0B0F3CB7D}.Debug|Any CPU.ActiveCfg = Debug|Any CPU
		{84C2D4E3-8DB1-429A-936A-89B0B0F3CB7D}.Debug|Any CPU.Build.0 = Debug|Any CPU
		{84C2D4E3-8DB1-429A-936A-89B0B0F3CB7D}.Release|Any CPU.ActiveCfg = Release|Any CPU
		{84C2D4E3-8DB1-429A-936A-89B0B0F3CB7D}.Release|Any CPU.Build.0 = Release|Any CPU
		{EA70E4DF-EFAB-4C37-8701-DC1537DA0550}.Debug|Any CPU.ActiveCfg = Debug|Any CPU
		{EA70E4DF-EFAB-4C37-8701-DC1537DA0550}.Debug|Any CPU.Build.0 = Debug|Any CPU
		{EA70E4DF-EFAB-4C37-8701-DC1537DA0550}.Release|Any CPU.ActiveCfg = Release|Any CPU
		{EA70E4DF-EFAB-4C37-8701-DC1537DA0550}.Release|Any CPU.Build.0 = Release|Any CPU
		{0DC6ACEF-4749-4DE4-A0D7-06B6F864BA44}.Debug|Any CPU.ActiveCfg = Debug|Any CPU
		{0DC6ACEF-4749-4DE4-A0D7-06B6F864BA44}.Debug|Any CPU.Build.0 = Debug|Any CPU
		{0DC6ACEF-4749-4DE4-A0D7-06B6F864BA44}.Release|Any CPU.ActiveCfg = Release|Any CPU
		{0DC6ACEF-4749-4DE4-A0D7-06B6F864BA44}.Release|Any CPU.Build.0 = Release|Any CPU
		{7968E81F-42D8-4F1F-9AAC-E502F6C6F89C}.Debug|Any CPU.ActiveCfg = Debug|Any CPU
		{7968E81F-42D8-4F1F-9AAC-E502F6C6F89C}.Debug|Any CPU.Build.0 = Debug|Any CPU
		{7968E81F-42D8-4F1F-9AAC-E502F6C6F89C}.Release|Any CPU.ActiveCfg = Release|Any CPU
		{7968E81F-42D8-4F1F-9AAC-E502F6C6F89C}.Release|Any CPU.Build.0 = Release|Any CPU
		{48BFE228-01E6-4757-8597-F038F7BF0588}.Debug|Any CPU.ActiveCfg = Debug|Any CPU
		{48BFE228-01E6-4757-8597-F038F7BF0588}.Debug|Any CPU.Build.0 = Debug|Any CPU
		{48BFE228-01E6-4757-8597-F038F7BF0588}.Release|Any CPU.ActiveCfg = Release|Any CPU
		{48BFE228-01E6-4757-8597-F038F7BF0588}.Release|Any CPU.Build.0 = Release|Any CPU
		{3B80977A-89A1-4686-AB4C-5E1E5FF9342D}.Debug|Any CPU.ActiveCfg = Debug|Any CPU
		{3B80977A-89A1-4686-AB4C-5E1E5FF9342D}.Debug|Any CPU.Build.0 = Debug|Any CPU
		{3B80977A-89A1-4686-AB4C-5E1E5FF9342D}.Release|Any CPU.ActiveCfg = Release|Any CPU
		{3B80977A-89A1-4686-AB4C-5E1E5FF9342D}.Release|Any CPU.Build.0 = Release|Any CPU
		{D95A83FC-3F6F-4066-8D77-E7B019FFFB32}.Debug|Any CPU.ActiveCfg = Debug|Any CPU
		{D95A83FC-3F6F-4066-8D77-E7B019FFFB32}.Debug|Any CPU.Build.0 = Debug|Any CPU
		{D95A83FC-3F6F-4066-8D77-E7B019FFFB32}.Release|Any CPU.ActiveCfg = Release|Any CPU
		{D95A83FC-3F6F-4066-8D77-E7B019FFFB32}.Release|Any CPU.Build.0 = Release|Any CPU
	EndGlobalSection
	GlobalSection(SolutionProperties) = preSolution
		HideSolutionNode = FALSE
	EndGlobalSection
EndGlobal
